
Microsoft Visual Studio Solution File, Format Version 12.00
# Visual Studio 15
VisualStudioVersion = 15.0.28307.106
MinimumVisualStudioVersion = 10.0.40219.1
Project("{FAE04EC0-301F-11D3-BF4B-00C04F79EFBC}") = "LandenWereldwijd", "LandenWereldwijd\LandenWereldwijd.csproj", "{91E58A59-A585-488D-90F3-D4CE6CF3757C}"
EndProject
Global
	GlobalSection(SolutionConfigurationPlatforms) = preSolution
		Debug|Any CPU = Debug|Any CPU
		Release|Any CPU = Release|Any CPU
	EndGlobalSection
	GlobalSection(ProjectConfigurationPlatforms) = postSolution
		{91E58A59-A585-488D-90F3-D4CE6CF3757C}.Debug|Any CPU.ActiveCfg = Debug|Any CPU
		{91E58A59-A585-488D-90F3-D4CE6CF3757C}.Debug|Any CPU.Build.0 = Debug|Any CPU
		{91E58A59-A585-488D-90F3-D4CE6CF3757C}.Release|Any CPU.ActiveCfg = Release|Any CPU
		{91E58A59-A585-488D-90F3-D4CE6CF3757C}.Release|Any CPU.Build.0 = Release|Any CPU
	EndGlobalSection
	GlobalSection(SolutionProperties) = preSolution
		HideSolutionNode = FALSE
	EndGlobalSection
	GlobalSection(ExtensibilityGlobals) = postSolution
		SolutionGuid = {5CFD2354-408B-4AA1-92D8-1D9F748DE625}
	EndGlobalSection
EndGlobal
